// !$*UTF8*$!
{
	archiveVersion = 1;
	classes = {
	};
	objectVersion = 50;
	objects = {

/* Begin PBXBuildFile section */
		AE66426F26B172A0008B3626 /* main.cpp in Sources */ = {isa = PBXBuildFile; fileRef = AE66426E26B172A0008B3626 /* main.cpp */; };
		AE66427726B173F5008B3626 /* OpenGL.framework in Frameworks */ = {isa = PBXBuildFile; fileRef = AE66427626B173F5008B3626 /* OpenGL.framework */; };
		AE66427926B173FF008B3626 /* Cocoa.framework in Frameworks */ = {isa = PBXBuildFile; fileRef = AE66427826B173FF008B3626 /* Cocoa.framework */; };
		AE66427B26B1740E008B3626 /* IOKit.framework in Frameworks */ = {isa = PBXBuildFile; fileRef = AE66427A26B1740E008B3626 /* IOKit.framework */; };
		AE66427D26B17417008B3626 /* CoreVideo.framework in Frameworks */ = {isa = PBXBuildFile; fileRef = AE66427C26B17417008B3626 /* CoreVideo.framework */; };
		AE66428026B176EA008B3626 /* shader.cpp in Sources */ = {isa = PBXBuildFile; fileRef = AE66427E26B176EA008B3626 /* shader.cpp */; };
/* End PBXBuildFile section */

/* Begin PBXCopyFilesBuildPhase section */
		AE66426926B172A0008B3626 /* CopyFiles */ = {
			isa = PBXCopyFilesBuildPhase;
			buildActionMask = 2147483647;
			dstPath = /usr/share/man/man1/;
			dstSubfolderSpec = 0;
			files = (
			);
			runOnlyForDeploymentPostprocessing = 1;
		};
/* End PBXCopyFilesBuildPhase section */

/* Begin PBXFileReference section */
		AE66426B26B172A0008B3626 /* GL_triangle */ = {isa = PBXFileReference; explicitFileType = "compiled.mach-o.executable"; includeInIndex = 0; path = GL_triangle; sourceTree = BUILT_PRODUCTS_DIR; };
		AE66426E26B172A0008B3626 /* main.cpp */ = {isa = PBXFileReference; lastKnownFileType = sourcecode.cpp.cpp; path = main.cpp; sourceTree = "<group>"; };
		AE66427626B173F5008B3626 /* OpenGL.framework */ = {isa = PBXFileReference; lastKnownFileType = wrapper.framework; name = OpenGL.framework; path = System/Library/Frameworks/OpenGL.framework; sourceTree = SDKROOT; };
		AE66427826B173FF008B3626 /* Cocoa.framework */ = {isa = PBXFileReference; lastKnownFileType = wrapper.framework; name = Cocoa.framework; path = System/Library/Frameworks/Cocoa.framework; sourceTree = SDKROOT; };
		AE66427A26B1740E008B3626 /* IOKit.framework */ = {isa = PBXFileReference; lastKnownFileType = wrapper.framework; name = IOKit.framework; path = System/Library/Frameworks/IOKit.framework; sourceTree = SDKROOT; };
		AE66427C26B17417008B3626 /* CoreVideo.framework */ = {isa = PBXFileReference; lastKnownFileType = wrapper.framework; name = CoreVideo.framework; path = System/Library/Frameworks/CoreVideo.framework; sourceTree = SDKROOT; };
		AE66427E26B176EA008B3626 /* shader.cpp */ = {isa = PBXFileReference; lastKnownFileType = sourcecode.cpp.cpp; name = shader.cpp; path = ../../common/shader.cpp; sourceTree = "<group>"; };
		AE66427F26B176EA008B3626 /* shader.hpp */ = {isa = PBXFileReference; lastKnownFileType = sourcecode.cpp.h; name = shader.hpp; path = ../../common/shader.hpp; sourceTree = "<group>"; };
		AE66428326B17CF4008B3626 /* SimpleFragment.f */ = {isa = PBXFileReference; lastKnownFileType = sourcecode.fortran; path = SimpleFragment.f; sourceTree = "<group>"; };
		AE66428426B17D2C008B3626 /* SimpleVertex.v */ = {isa = PBXFileReference; lastKnownFileType = text; path = SimpleVertex.v; sourceTree = "<group>"; };
/* End PBXFileReference section */

/* Begin PBXFrameworksBuildPhase section */
		AE66426826B172A0008B3626 /* Frameworks */ = {
			isa = PBXFrameworksBuildPhase;
			buildActionMask = 2147483647;
			files = (
				AE66427926B173FF008B3626 /* Cocoa.framework in Frameworks */,
				AE66427726B173F5008B3626 /* OpenGL.framework in Frameworks */,
				AE66427B26B1740E008B3626 /* IOKit.framework in Frameworks */,
				AE66427D26B17417008B3626 /* CoreVideo.framework in Frameworks */,
			);
			runOnlyForDeploymentPostprocessing = 0;
		};
/* End PBXFrameworksBuildPhase section */

/* Begin PBXGroup section */
		AE66426226B172A0008B3626 = {
			isa = PBXGroup;
			children = (
				AE66426D26B172A0008B3626 /* GL_triangle */,
				AE66426C26B172A0008B3626 /* Products */,
				AE66427526B173F5008B3626 /* Frameworks */,
			);
			sourceTree = "<group>";
		};
		AE66426C26B172A0008B3626 /* Products */ = {
			isa = PBXGroup;
			children = (
				AE66426B26B172A0008B3626 /* GL_triangle */,
			);
			name = Products;
			sourceTree = "<group>";
		};
		AE66426D26B172A0008B3626 /* GL_triangle */ = {
			isa = PBXGroup;
			children = (
				AE66426E26B172A0008B3626 /* main.cpp */,
				AE66428426B17D2C008B3626 /* SimpleVertex.v */,
				AE66428326B17CF4008B3626 /* SimpleFragment.f */,
				AE66427E26B176EA008B3626 /* shader.cpp */,
				AE66427F26B176EA008B3626 /* shader.hpp */,
			);
			path = GL_triangle;
			sourceTree = "<group>";
		};
		AE66427526B173F5008B3626 /* Frameworks */ = {
			isa = PBXGroup;
			children = (
				AE66427C26B17417008B3626 /* CoreVideo.framework */,
				AE66427A26B1740E008B3626 /* IOKit.framework */,
				AE66427826B173FF008B3626 /* Cocoa.framework */,
				AE66427626B173F5008B3626 /* OpenGL.framework */,
			);
			name = Frameworks;
			sourceTree = "<group>";
		};
/* End PBXGroup section */

/* Begin PBXNativeTarget section */
		AE66426A26B172A0008B3626 /* GL_triangle */ = {
			isa = PBXNativeTarget;
			buildConfigurationList = AE66427226B172A0008B3626 /* Build configuration list for PBXNativeTarget "GL_triangle" */;
			buildPhases = (
				AE66426726B172A0008B3626 /* Sources */,
				AE66426826B172A0008B3626 /* Frameworks */,
				AE66426926B172A0008B3626 /* CopyFiles */,
			);
			buildRules = (
			);
			dependencies = (
			);
			name = GL_triangle;
			productName = GL_triangle;
			productReference = AE66426B26B172A0008B3626 /* GL_triangle */;
			productType = "com.apple.product-type.tool";
		};
/* End PBXNativeTarget section */

/* Begin PBXProject section */
		AE66426326B172A0008B3626 /* Project object */ = {
			isa = PBXProject;
			attributes = {
				LastUpgradeCheck = 1250;
				TargetAttributes = {
					AE66426A26B172A0008B3626 = {
						CreatedOnToolsVersion = 12.5.1;
					};
				};
			};
			buildConfigurationList = AE66426626B172A0008B3626 /* Build configuration list for PBXProject "GL_triangle" */;
			compatibilityVersion = "Xcode 9.3";
			developmentRegion = en;
			hasScannedForEncodings = 0;
			knownRegions = (
				en,
				Base,
			);
			mainGroup = AE66426226B172A0008B3626;
			productRefGroup = AE66426C26B172A0008B3626 /* Products */;
			projectDirPath = "";
			projectRoot = "";
			targets = (
				AE66426A26B172A0008B3626 /* GL_triangle */,
			);
		};
/* End PBXProject section */

/* Begin PBXSourcesBuildPhase section */
		AE66426726B172A0008B3626 /* Sources */ = {
			isa = PBXSourcesBuildPhase;
			buildActionMask = 2147483647;
			files = (
				AE66428026B176EA008B3626 /* shader.cpp in Sources */,
				AE66426F26B172A0008B3626 /* main.cpp in Sources */,
			);
			runOnlyForDeploymentPostprocessing = 0;
		};
/* End PBXSourcesBuildPhase section */

/* Begin XCBuildConfiguration section */
		AE66427026B172A0008B3626 /* Debug */ = {
			isa = XCBuildConfiguration;
			buildSettings = {
				ALWAYS_SEARCH_USER_PATHS = NO;
				CLANG_ANALYZER_NONNULL = YES;
				CLANG_ANALYZER_NUMBER_OBJECT_CONVERSION = YES_AGGRESSIVE;
				CLANG_CXX_LANGUAGE_STANDARD = "gnu++14";
				CLANG_CXX_LIBRARY = "libc++";
				CLANG_ENABLE_MODULES = YES;
				CLANG_ENABLE_OBJC_ARC = YES;
				CLANG_ENABLE_OBJC_WEAK = YES;
				CLANG_WARN_BLOCK_CAPTURE_AUTORELEASING = YES;
				CLANG_WARN_BOOL_CONVERSION = YES;
				CLANG_WARN_COMMA = YES;
				CLANG_WARN_CONSTANT_CONVERSION = YES;
				CLANG_WARN_DEPRECATED_OBJC_IMPLEMENTATIONS = YES;
				CLANG_WARN_DIRECT_OBJC_ISA_USAGE = YES_ERROR;
				CLANG_WARN_DOCUMENTATION_COMMENTS = YES;
				CLANG_WARN_EMPTY_BODY = YES;
				CLANG_WARN_ENUM_CONVERSION = YES;
				CLANG_WARN_INFINITE_RECURSION = YES;
				CLANG_WARN_INT_CONVERSION = YES;
				CLANG_WARN_NON_LITERAL_NULL_CONVERSION = YES;
				CLANG_WARN_OBJC_IMPLICIT_RETAIN_SELF = YES;
				CLANG_WARN_OBJC_LITERAL_CONVERSION = YES;
				CLANG_WARN_OBJC_ROOT_CLASS = YES_ERROR;
				CLANG_WARN_QUOTED_INCLUDE_IN_FRAMEWORK_HEADER = YES;
				CLANG_WARN_RANGE_LOOP_ANALYSIS = YES;
				CLANG_WARN_STRICT_PROTOTYPES = YES;
				CLANG_WARN_SUSPICIOUS_MOVE = YES;
				CLANG_WARN_UNGUARDED_AVAILABILITY = YES_AGGRESSIVE;
				CLANG_WARN_UNREACHABLE_CODE = YES;
				CLANG_WARN__DUPLICATE_METHOD_MATCH = YES;
				COPY_PHASE_STRIP = NO;
				DEBUG_INFORMATION_FORMAT = dwarf;
				ENABLE_STRICT_OBJC_MSGSEND = YES;
				ENABLE_TESTABILITY = YES;
				GCC_C_LANGUAGE_STANDARD = gnu11;
				GCC_DYNAMIC_NO_PIC = NO;
				GCC_NO_COMMON_BLOCKS = YES;
				GCC_OPTIMIZATION_LEVEL = 0;
				GCC_PREPROCESSOR_DEFINITIONS = (
					"DEBUG=1",
					"$(inherited)",
				);
				GCC_WARN_64_TO_32_BIT_CONVERSION = YES;
				GCC_WARN_ABOUT_RETURN_TYPE = YES_ERROR;
				GCC_WARN_UNDECLARED_SELECTOR = YES;
				GCC_WARN_UNINITIALIZED_AUTOS = YES_AGGRESSIVE;
				GCC_WARN_UNUSED_FUNCTION = YES;
				GCC_WARN_UNUSED_VARIABLE = YES;
				MACOSX_DEPLOYMENT_TARGET = 11.3;
				MTL_ENABLE_DEBUG_INFO = INCLUDE_SOURCE;
				MTL_FAST_MATH = YES;
				ONLY_ACTIVE_ARCH = YES;
				SDKROOT = macosx;
			};
			name = Debug;
		};
		AE66427126B172A0008B3626 /* Release */ = {
			isa = XCBuildConfiguration;
			buildSettings = {
				ALWAYS_SEARCH_USER_PATHS = NO;
				CLANG_ANALYZER_NONNULL = YES;
				CLANG_ANALYZER_NUMBER_OBJECT_CONVERSION = YES_AGGRESSIVE;
				CLANG_CXX_LANGUAGE_STANDARD = "gnu++14";
				CLANG_CXX_LIBRARY = "libc++";
				CLANG_ENABLE_MODULES = YES;
				CLANG_ENABLE_OBJC_ARC = YES;
				CLANG_ENABLE_OBJC_WEAK = YES;
				CLANG_WARN_BLOCK_CAPTURE_AUTORELEASING = YES;
				CLANG_WARN_BOOL_CONVERSION = YES;
				CLANG_WARN_COMMA = YES;
				CLANG_WARN_CONSTANT_CONVERSION = YES;
				CLANG_WARN_DEPRECATED_OBJC_IMPLEMENTATIONS = YES;
				CLANG_WARN_DIRECT_OBJC_ISA_USAGE = YES_ERROR;
				CLANG_WARN_DOCUMENTATION_COMMENTS = YES;
				CLANG_WARN_EMPTY_BODY = YES;
				CLANG_WARN_ENUM_CONVERSION = YES;
				CLANG_WARN_INFINITE_RECURSION = YES;
				CLANG_WARN_INT_CONVERSION = YES;
				CLANG_WARN_NON_LITERAL_NULL_CONVERSION = YES;
				CLANG_WARN_OBJC_IMPLICIT_RETAIN_SELF = YES;
				CLANG_WARN_OBJC_LITERAL_CONVERSION = YES;
				CLANG_WARN_OBJC_ROOT_CLASS = YES_ERROR;
				CLANG_WARN_QUOTED_INCLUDE_IN_FRAMEWORK_HEADER = YES;
				CLANG_WARN_RANGE_LOOP_ANALYSIS = YES;
				CLANG_WARN_STRICT_PROTOTYPES = YES;
				CLANG_WARN_SUSPICIOUS_MOVE = YES;
				CLANG_WARN_UNGUARDED_AVAILABILITY = YES_AGGRESSIVE;
				CLANG_WARN_UNREACHABLE_CODE = YES;
				CLANG_WARN__DUPLICATE_METHOD_MATCH = YES;
				COPY_PHASE_STRIP = NO;
				DEBUG_INFORMATION_FORMAT = "dwarf-with-dsym";
				ENABLE_NS_ASSERTIONS = NO;
				ENABLE_STRICT_OBJC_MSGSEND = YES;
				GCC_C_LANGUAGE_STANDARD = gnu11;
				GCC_NO_COMMON_BLOCKS = YES;
				GCC_WARN_64_TO_32_BIT_CONVERSION = YES;
				GCC_WARN_ABOUT_RETURN_TYPE = YES_ERROR;
				GCC_WARN_UNDECLARED_SELECTOR = YES;
				GCC_WARN_UNINITIALIZED_AUTOS = YES_AGGRESSIVE;
				GCC_WARN_UNUSED_FUNCTION = YES;
				GCC_WARN_UNUSED_VARIABLE = YES;
				MACOSX_DEPLOYMENT_TARGET = 11.3;
				MTL_ENABLE_DEBUG_INFO = NO;
				MTL_FAST_MATH = YES;
				SDKROOT = macosx;
			};
			name = Release;
		};
		AE66427326B172A0008B3626 /* Debug */ = {
			isa = XCBuildConfiguration;
			buildSettings = {
				ALWAYS_SEARCH_USER_PATHS = NO;
				CODE_SIGN_STYLE = Automatic;
				HEADER_SEARCH_PATHS = /usr/local/include;
				LIBRARY_SEARCH_PATHS = /usr/local/lib;
				OTHER_LDFLAGS = (
					"-lglew",
					"-lglfw",
				);
				PRODUCT_NAME = "$(TARGET_NAME)";
			};
			name = Debug;
		};
		AE66427426B172A0008B3626 /* Release */ = {
			isa = XCBuildConfiguration;
			buildSettings = {
				ALWAYS_SEARCH_USER_PATHS = NO;
				CODE_SIGN_STYLE = Automatic;
				HEADER_SEARCH_PATHS = /usr/local/include;
				LIBRARY_SEARCH_PATHS = /usr/local/lib;
				OTHER_LDFLAGS = (
					"-lglew",
					"-lglfw",
				);
				PRODUCT_NAME = "$(TARGET_NAME)";
			};
			name = Release;
		};
/* End XCBuildConfiguration section */

/* Begin XCConfigurationList section */
		AE66426626B172A0008B3626 /* Build configuration list for PBXProject "GL_triangle" */ = {
			isa = XCConfigurationList;
			buildConfigurations = (
				AE66427026B172A0008B3626 /* Debug */,
				AE66427126B172A0008B3626 /* Release */,
			);
			defaultConfigurationIsVisible = 0;
			defaultConfigurationName = Release;
		};
		AE66427226B172A0008B3626 /* Build configuration list for PBXNativeTarget "GL_triangle" */ = {
			isa = XCConfigurationList;
			buildConfigurations = (
				AE66427326B172A0008B3626 /* Debug */,
				AE66427426B172A0008B3626 /* Release */,
			);
			defaultConfigurationIsVisible = 0;
			defaultConfigurationName = Release;
		};
/* End XCConfigurationList section */
	};
	rootObject = AE66426326B172A0008B3626 /* Project object */;
}
