// !$*UTF8*$!
{
	archiveVersion = 1;
	classes = {
	};
	objectVersion = 50;
	objects = {

/* Begin PBXBuildFile section */
		AE18269926C0DF3B00EDBF24 /* main.cpp in Sources */ = {isa = PBXBuildFile; fileRef = AE18269826C0DF3B00EDBF24 /* main.cpp */; };
		AE1826A126C0E0FE00EDBF24 /* Cocoa.framework in Frameworks */ = {isa = PBXBuildFile; fileRef = AE1826A026C0E0FE00EDBF24 /* Cocoa.framework */; };
		AE1826A326C0E10800EDBF24 /* CoreVideo.framework in Frameworks */ = {isa = PBXBuildFile; fileRef = AE1826A226C0E10800EDBF24 /* CoreVideo.framework */; };
		AE1826A526C0E11000EDBF24 /* IOKit.framework in Frameworks */ = {isa = PBXBuildFile; fileRef = AE1826A426C0E11000EDBF24 /* IOKit.framework */; };
		AE1826A726C0E11800EDBF24 /* OpenGL.framework in Frameworks */ = {isa = PBXBuildFile; fileRef = AE1826A626C0E11800EDBF24 /* OpenGL.framework */; };
		AE1826AD26C0E7FE00EDBF24 /* shader.cpp in Sources */ = {isa = PBXBuildFile; fileRef = AE1826AC26C0E7FE00EDBF24 /* shader.cpp */; };
		AE1826B026C0E85B00EDBF24 /* texture.cpp in Sources */ = {isa = PBXBuildFile; fileRef = AE1826AE26C0E85A00EDBF24 /* texture.cpp */; };
/* End PBXBuildFile section */

/* Begin PBXCopyFilesBuildPhase section */
		AE18269326C0DF3B00EDBF24 /* CopyFiles */ = {
			isa = PBXCopyFilesBuildPhase;
			buildActionMask = 2147483647;
			dstPath = /usr/share/man/man1/;
			dstSubfolderSpec = 0;
			files = (
			);
			runOnlyForDeploymentPostprocessing = 1;
		};
/* End PBXCopyFilesBuildPhase section */

/* Begin PBXFileReference section */
		AE18269526C0DF3B00EDBF24 /* GL_textured_cube */ = {isa = PBXFileReference; explicitFileType = "compiled.mach-o.executable"; includeInIndex = 0; path = GL_textured_cube; sourceTree = BUILT_PRODUCTS_DIR; };
		AE18269826C0DF3B00EDBF24 /* main.cpp */ = {isa = PBXFileReference; lastKnownFileType = sourcecode.cpp.cpp; path = main.cpp; sourceTree = "<group>"; };
		AE1826A026C0E0FE00EDBF24 /* Cocoa.framework */ = {isa = PBXFileReference; lastKnownFileType = wrapper.framework; name = Cocoa.framework; path = System/Library/Frameworks/Cocoa.framework; sourceTree = SDKROOT; };
		AE1826A226C0E10800EDBF24 /* CoreVideo.framework */ = {isa = PBXFileReference; lastKnownFileType = wrapper.framework; name = CoreVideo.framework; path = System/Library/Frameworks/CoreVideo.framework; sourceTree = SDKROOT; };
		AE1826A426C0E11000EDBF24 /* IOKit.framework */ = {isa = PBXFileReference; lastKnownFileType = wrapper.framework; name = IOKit.framework; path = System/Library/Frameworks/IOKit.framework; sourceTree = SDKROOT; };
		AE1826A626C0E11800EDBF24 /* OpenGL.framework */ = {isa = PBXFileReference; lastKnownFileType = wrapper.framework; name = OpenGL.framework; path = System/Library/Frameworks/OpenGL.framework; sourceTree = SDKROOT; };
		AE1826AB26C0E7FE00EDBF24 /* shader.hpp */ = {isa = PBXFileReference; fileEncoding = 4; lastKnownFileType = sourcecode.cpp.h; name = shader.hpp; path = ../../common/shader.hpp; sourceTree = "<group>"; };
		AE1826AC26C0E7FE00EDBF24 /* shader.cpp */ = {isa = PBXFileReference; fileEncoding = 4; lastKnownFileType = sourcecode.cpp.cpp; name = shader.cpp; path = ../../common/shader.cpp; sourceTree = "<group>"; };
		AE1826AE26C0E85A00EDBF24 /* texture.cpp */ = {isa = PBXFileReference; fileEncoding = 4; lastKnownFileType = sourcecode.cpp.cpp; name = texture.cpp; path = ../../common/texture.cpp; sourceTree = "<group>"; };
		AE1826AF26C0E85A00EDBF24 /* texture.hpp */ = {isa = PBXFileReference; fileEncoding = 4; lastKnownFileType = sourcecode.cpp.h; name = texture.hpp; path = ../../common/texture.hpp; sourceTree = "<group>"; };
		AE1826B126C0EEEF00EDBF24 /* TextureFragmentShader.fragmentshader */ = {isa = PBXFileReference; lastKnownFileType = text; path = TextureFragmentShader.fragmentshader; sourceTree = "<group>"; };
		AE1826B226C0EEEF00EDBF24 /* TransformVertexShader.vertexshader */ = {isa = PBXFileReference; lastKnownFileType = text; path = TransformVertexShader.vertexshader; sourceTree = "<group>"; };
		AE1826B326C0F14A00EDBF24 /* uvtemplate.DDS */ = {isa = PBXFileReference; lastKnownFileType = file; path = uvtemplate.DDS; sourceTree = "<group>"; };
/* End PBXFileReference section */

/* Begin PBXFrameworksBuildPhase section */
		AE18269226C0DF3B00EDBF24 /* Frameworks */ = {
			isa = PBXFrameworksBuildPhase;
			buildActionMask = 2147483647;
			files = (
				AE1826A126C0E0FE00EDBF24 /* Cocoa.framework in Frameworks */,
				AE1826A726C0E11800EDBF24 /* OpenGL.framework in Frameworks */,
				AE1826A326C0E10800EDBF24 /* CoreVideo.framework in Frameworks */,
				AE1826A526C0E11000EDBF24 /* IOKit.framework in Frameworks */,
			);
			runOnlyForDeploymentPostprocessing = 0;
		};
/* End PBXFrameworksBuildPhase section */

/* Begin PBXGroup section */
		AE18268C26C0DF3B00EDBF24 = {
			isa = PBXGroup;
			children = (
				AE18269726C0DF3B00EDBF24 /* GL_textured_cube */,
				AE18269626C0DF3B00EDBF24 /* Products */,
				AE18269F26C0E0FD00EDBF24 /* Frameworks */,
			);
			sourceTree = "<group>";
		};
		AE18269626C0DF3B00EDBF24 /* Products */ = {
			isa = PBXGroup;
			children = (
				AE18269526C0DF3B00EDBF24 /* GL_textured_cube */,
			);
			name = Products;
			sourceTree = "<group>";
		};
		AE18269726C0DF3B00EDBF24 /* GL_textured_cube */ = {
			isa = PBXGroup;
			children = (
				AE1826AE26C0E85A00EDBF24 /* texture.cpp */,
				AE1826AF26C0E85A00EDBF24 /* texture.hpp */,
				AE1826AC26C0E7FE00EDBF24 /* shader.cpp */,
				AE1826AB26C0E7FE00EDBF24 /* shader.hpp */,
				AE18269826C0DF3B00EDBF24 /* main.cpp */,
				AE1826B326C0F14A00EDBF24 /* uvtemplate.DDS */,
				AE1826B126C0EEEF00EDBF24 /* TextureFragmentShader.fragmentshader */,
				AE1826B226C0EEEF00EDBF24 /* TransformVertexShader.vertexshader */,
			);
			path = GL_textured_cube;
			sourceTree = "<group>";
		};
		AE18269F26C0E0FD00EDBF24 /* Frameworks */ = {
			isa = PBXGroup;
			children = (
				AE1826A626C0E11800EDBF24 /* OpenGL.framework */,
				AE1826A426C0E11000EDBF24 /* IOKit.framework */,
				AE1826A226C0E10800EDBF24 /* CoreVideo.framework */,
				AE1826A026C0E0FE00EDBF24 /* Cocoa.framework */,
			);
			name = Frameworks;
			sourceTree = "<group>";
		};
/* End PBXGroup section */

/* Begin PBXNativeTarget section */
		AE18269426C0DF3B00EDBF24 /* GL_textured_cube */ = {
			isa = PBXNativeTarget;
			buildConfigurationList = AE18269C26C0DF3B00EDBF24 /* Build configuration list for PBXNativeTarget "GL_textured_cube" */;
			buildPhases = (
				AE18269126C0DF3B00EDBF24 /* Sources */,
				AE18269226C0DF3B00EDBF24 /* Frameworks */,
				AE18269326C0DF3B00EDBF24 /* CopyFiles */,
			);
			buildRules = (
			);
			dependencies = (
			);
			name = GL_textured_cube;
			productName = GL_textured_cube;
			productReference = AE18269526C0DF3B00EDBF24 /* GL_textured_cube */;
			productType = "com.apple.product-type.tool";
		};
/* End PBXNativeTarget section */

/* Begin PBXProject section */
		AE18268D26C0DF3B00EDBF24 /* Project object */ = {
			isa = PBXProject;
			attributes = {
				LastUpgradeCheck = 1250;
				TargetAttributes = {
					AE18269426C0DF3B00EDBF24 = {
						CreatedOnToolsVersion = 12.5.1;
					};
				};
			};
			buildConfigurationList = AE18269026C0DF3B00EDBF24 /* Build configuration list for PBXProject "GL_textured_cube" */;
			compatibilityVersion = "Xcode 9.3";
			developmentRegion = en;
			hasScannedForEncodings = 0;
			knownRegions = (
				en,
				Base,
			);
			mainGroup = AE18268C26C0DF3B00EDBF24;
			productRefGroup = AE18269626C0DF3B00EDBF24 /* Products */;
			projectDirPath = "";
			projectRoot = "";
			targets = (
				AE18269426C0DF3B00EDBF24 /* GL_textured_cube */,
			);
		};
/* End PBXProject section */

/* Begin PBXSourcesBuildPhase section */
		AE18269126C0DF3B00EDBF24 /* Sources */ = {
			isa = PBXSourcesBuildPhase;
			buildActionMask = 2147483647;
			files = (
				AE1826B026C0E85B00EDBF24 /* texture.cpp in Sources */,
				AE1826AD26C0E7FE00EDBF24 /* shader.cpp in Sources */,
				AE18269926C0DF3B00EDBF24 /* main.cpp in Sources */,
			);
			runOnlyForDeploymentPostprocessing = 0;
		};
/* End PBXSourcesBuildPhase section */

/* Begin XCBuildConfiguration section */
		AE18269A26C0DF3B00EDBF24 /* Debug */ = {
			isa = XCBuildConfiguration;
			buildSettings = {
				ALWAYS_SEARCH_USER_PATHS = NO;
				CLANG_ANALYZER_NONNULL = YES;
				CLANG_ANALYZER_NUMBER_OBJECT_CONVERSION = YES_AGGRESSIVE;
				CLANG_CXX_LANGUAGE_STANDARD = "gnu++14";
				CLANG_CXX_LIBRARY = "libc++";
				CLANG_ENABLE_MODULES = YES;
				CLANG_ENABLE_OBJC_ARC = YES;
				CLANG_ENABLE_OBJC_WEAK = YES;
				CLANG_WARN_BLOCK_CAPTURE_AUTORELEASING = YES;
				CLANG_WARN_BOOL_CONVERSION = YES;
				CLANG_WARN_COMMA = YES;
				CLANG_WARN_CONSTANT_CONVERSION = YES;
				CLANG_WARN_DEPRECATED_OBJC_IMPLEMENTATIONS = YES;
				CLANG_WARN_DIRECT_OBJC_ISA_USAGE = YES_ERROR;
				CLANG_WARN_DOCUMENTATION_COMMENTS = YES;
				CLANG_WARN_EMPTY_BODY = YES;
				CLANG_WARN_ENUM_CONVERSION = YES;
				CLANG_WARN_INFINITE_RECURSION = YES;
				CLANG_WARN_INT_CONVERSION = YES;
				CLANG_WARN_NON_LITERAL_NULL_CONVERSION = YES;
				CLANG_WARN_OBJC_IMPLICIT_RETAIN_SELF = YES;
				CLANG_WARN_OBJC_LITERAL_CONVERSION = YES;
				CLANG_WARN_OBJC_ROOT_CLASS = YES_ERROR;
				CLANG_WARN_QUOTED_INCLUDE_IN_FRAMEWORK_HEADER = YES;
				CLANG_WARN_RANGE_LOOP_ANALYSIS = YES;
				CLANG_WARN_STRICT_PROTOTYPES = YES;
				CLANG_WARN_SUSPICIOUS_MOVE = YES;
				CLANG_WARN_UNGUARDED_AVAILABILITY = YES_AGGRESSIVE;
				CLANG_WARN_UNREACHABLE_CODE = YES;
				CLANG_WARN__DUPLICATE_METHOD_MATCH = YES;
				COPY_PHASE_STRIP = NO;
				DEBUG_INFORMATION_FORMAT = dwarf;
				ENABLE_STRICT_OBJC_MSGSEND = YES;
				ENABLE_TESTABILITY = YES;
				GCC_C_LANGUAGE_STANDARD = gnu11;
				GCC_DYNAMIC_NO_PIC = NO;
				GCC_NO_COMMON_BLOCKS = YES;
				GCC_OPTIMIZATION_LEVEL = 0;
				GCC_PREPROCESSOR_DEFINITIONS = (
					"DEBUG=1",
					"$(inherited)",
				);
				GCC_WARN_64_TO_32_BIT_CONVERSION = YES;
				GCC_WARN_ABOUT_RETURN_TYPE = YES_ERROR;
				GCC_WARN_UNDECLARED_SELECTOR = YES;
				GCC_WARN_UNINITIALIZED_AUTOS = YES_AGGRESSIVE;
				GCC_WARN_UNUSED_FUNCTION = YES;
				GCC_WARN_UNUSED_VARIABLE = YES;
				MACOSX_DEPLOYMENT_TARGET = 11.3;
				MTL_ENABLE_DEBUG_INFO = INCLUDE_SOURCE;
				MTL_FAST_MATH = YES;
				ONLY_ACTIVE_ARCH = YES;
				SDKROOT = macosx;
			};
			name = Debug;
		};
		AE18269B26C0DF3B00EDBF24 /* Release */ = {
			isa = XCBuildConfiguration;
			buildSettings = {
				ALWAYS_SEARCH_USER_PATHS = NO;
				CLANG_ANALYZER_NONNULL = YES;
				CLANG_ANALYZER_NUMBER_OBJECT_CONVERSION = YES_AGGRESSIVE;
				CLANG_CXX_LANGUAGE_STANDARD = "gnu++14";
				CLANG_CXX_LIBRARY = "libc++";
				CLANG_ENABLE_MODULES = YES;
				CLANG_ENABLE_OBJC_ARC = YES;
				CLANG_ENABLE_OBJC_WEAK = YES;
				CLANG_WARN_BLOCK_CAPTURE_AUTORELEASING = YES;
				CLANG_WARN_BOOL_CONVERSION = YES;
				CLANG_WARN_COMMA = YES;
				CLANG_WARN_CONSTANT_CONVERSION = YES;
				CLANG_WARN_DEPRECATED_OBJC_IMPLEMENTATIONS = YES;
				CLANG_WARN_DIRECT_OBJC_ISA_USAGE = YES_ERROR;
				CLANG_WARN_DOCUMENTATION_COMMENTS = YES;
				CLANG_WARN_EMPTY_BODY = YES;
				CLANG_WARN_ENUM_CONVERSION = YES;
				CLANG_WARN_INFINITE_RECURSION = YES;
				CLANG_WARN_INT_CONVERSION = YES;
				CLANG_WARN_NON_LITERAL_NULL_CONVERSION = YES;
				CLANG_WARN_OBJC_IMPLICIT_RETAIN_SELF = YES;
				CLANG_WARN_OBJC_LITERAL_CONVERSION = YES;
				CLANG_WARN_OBJC_ROOT_CLASS = YES_ERROR;
				CLANG_WARN_QUOTED_INCLUDE_IN_FRAMEWORK_HEADER = YES;
				CLANG_WARN_RANGE_LOOP_ANALYSIS = YES;
				CLANG_WARN_STRICT_PROTOTYPES = YES;
				CLANG_WARN_SUSPICIOUS_MOVE = YES;
				CLANG_WARN_UNGUARDED_AVAILABILITY = YES_AGGRESSIVE;
				CLANG_WARN_UNREACHABLE_CODE = YES;
				CLANG_WARN__DUPLICATE_METHOD_MATCH = YES;
				COPY_PHASE_STRIP = NO;
				DEBUG_INFORMATION_FORMAT = "dwarf-with-dsym";
				ENABLE_NS_ASSERTIONS = NO;
				ENABLE_STRICT_OBJC_MSGSEND = YES;
				GCC_C_LANGUAGE_STANDARD = gnu11;
				GCC_NO_COMMON_BLOCKS = YES;
				GCC_WARN_64_TO_32_BIT_CONVERSION = YES;
				GCC_WARN_ABOUT_RETURN_TYPE = YES_ERROR;
				GCC_WARN_UNDECLARED_SELECTOR = YES;
				GCC_WARN_UNINITIALIZED_AUTOS = YES_AGGRESSIVE;
				GCC_WARN_UNUSED_FUNCTION = YES;
				GCC_WARN_UNUSED_VARIABLE = YES;
				MACOSX_DEPLOYMENT_TARGET = 11.3;
				MTL_ENABLE_DEBUG_INFO = NO;
				MTL_FAST_MATH = YES;
				SDKROOT = macosx;
			};
			name = Release;
		};
		AE18269D26C0DF3B00EDBF24 /* Debug */ = {
			isa = XCBuildConfiguration;
			buildSettings = {
				CODE_SIGN_STYLE = Automatic;
				HEADER_SEARCH_PATHS = /usr/local/include;
				LIBRARY_SEARCH_PATHS = /usr/local/lib;
				OTHER_LDFLAGS = (
					"-lglew",
					"-lglfw",
				);
				PRODUCT_NAME = "$(TARGET_NAME)";
			};
			name = Debug;
		};
		AE18269E26C0DF3B00EDBF24 /* Release */ = {
			isa = XCBuildConfiguration;
			buildSettings = {
				CODE_SIGN_STYLE = Automatic;
				HEADER_SEARCH_PATHS = /usr/local/include;
				LIBRARY_SEARCH_PATHS = /usr/local/lib;
				OTHER_LDFLAGS = (
					"-lglew",
					"-lglfw",
				);
				PRODUCT_NAME = "$(TARGET_NAME)";
			};
			name = Release;
		};
/* End XCBuildConfiguration section */

/* Begin XCConfigurationList section */
		AE18269026C0DF3B00EDBF24 /* Build configuration list for PBXProject "GL_textured_cube" */ = {
			isa = XCConfigurationList;
			buildConfigurations = (
				AE18269A26C0DF3B00EDBF24 /* Debug */,
				AE18269B26C0DF3B00EDBF24 /* Release */,
			);
			defaultConfigurationIsVisible = 0;
			defaultConfigurationName = Release;
		};
		AE18269C26C0DF3B00EDBF24 /* Build configuration list for PBXNativeTarget "GL_textured_cube" */ = {
			isa = XCConfigurationList;
			buildConfigurations = (
				AE18269D26C0DF3B00EDBF24 /* Debug */,
				AE18269E26C0DF3B00EDBF24 /* Release */,
			);
			defaultConfigurationIsVisible = 0;
			defaultConfigurationName = Release;
		};
/* End XCConfigurationList section */
	};
	rootObject = AE18268D26C0DF3B00EDBF24 /* Project object */;
}
